
Microsoft Visual Studio Solution File, Format Version 12.00
# Visual Studio 15
VisualStudioVersion = 15.0.27428.2002
MinimumVisualStudioVersion = 10.0.40219.1
Project("{FAE04EC0-301F-11D3-BF4B-00C04F79EFBC}") = "dnGREP.WPF", "dnGREP.WPF\dnGREP.WPF.csproj", "{CBC7AEC0-59FF-4050-B02D-ADB15359CED4}"
	ProjectSection(ProjectDependencies) = postProject
		{7317511F-A32C-44AE-9C87-1E4806E891FB} = {7317511F-A32C-44AE-9C87-1E4806E891FB}
		{6B5159A5-C92C-4203-84DE-273FEB30D07B} = {6B5159A5-C92C-4203-84DE-273FEB30D07B}
		{FA9512EF-562C-4DC1-9CF2-7A8FF896D352} = {FA9512EF-562C-4DC1-9CF2-7A8FF896D352}
	EndProjectSection
EndProject
Project("{FAE04EC0-301F-11D3-BF4B-00C04F79EFBC}") = "dnGREP.Engines", "dnGREP.Engines\dnGREP.Engines.csproj", "{DB68B5D3-5E4B-47D0-AA86-83D7C181A1E4}"
EndProject
Project("{FAE04EC0-301F-11D3-BF4B-00C04F79EFBC}") = "Tests", "Tests\Tests.csproj", "{77AB22A5-8227-494A-8DD2-1EF5E786263D}"
EndProject
Project("{FAE04EC0-301F-11D3-BF4B-00C04F79EFBC}") = "dnGREP.Common", "dnGREP.Common\dnGREP.Common.csproj", "{32DF5B77-EE00-4A94-BF4C-19BCBB1940A4}"
EndProject
Project("{FAE04EC0-301F-11D3-BF4B-00C04F79EFBC}") = "dnGREP.ArchiveEngine", "dnGREP.ArchiveEngine\dnGREP.ArchiveEngine.csproj", "{7317511F-A32C-44AE-9C87-1E4806E891FB}"
EndProject
Project("{FAE04EC0-301F-11D3-BF4B-00C04F79EFBC}") = "dnGREP.PdfEngine", "dnGREP.PdfEngine\dnGREP.PdfEngine.csproj", "{6B5159A5-C92C-4203-84DE-273FEB30D07B}"
EndProject
Project("{FAE04EC0-301F-11D3-BF4B-00C04F79EFBC}") = "dnGREP.WordEngine", "dnGREP.WordEngine\dnGREP.WordEngine.csproj", "{FA9512EF-562C-4DC1-9CF2-7A8FF896D352}"
EndProject
Project("{FAE04EC0-301F-11D3-BF4B-00C04F79EFBC}") = "dnGREP.Common.UI", "dnGREP.Common.UI\dnGREP.Common.UI.csproj", "{DA182974-5FD2-4DFB-938D-DCDC2D232547}"
EndProject
Project("{FAE04EC0-301F-11D3-BF4B-00C04F79EFBC}") = "NLog.XmlLayout", "NLog.XmlLayout\NLog.XmlLayout.csproj", "{1B364890-BBE6-4167-AF65-FE1C01E8C419}"
EndProject
Project("{2150E333-8FDC-42A3-9474-1A3956D46DE8}") = "Plugins", "Plugins", "{177DCA75-DAA1-4097-A3AB-EF944566600D}"
EndProject
Project("{930C7802-8A8C-48F9-8165-68863BCCD9DD}") = "dnGREP.Setup", "dnGREP.Setup\dnGREP.Setup.wixproj", "{9A5EE640-E3EE-4985-BD96-64B63A1B0062}"
	ProjectSection(ProjectDependencies) = postProject
		{CBC7AEC0-59FF-4050-B02D-ADB15359CED4} = {CBC7AEC0-59FF-4050-B02D-ADB15359CED4}
	EndProjectSection
EndProject
Project("{2150E333-8FDC-42A3-9474-1A3956D46DE8}") = "Solution Items", "Solution Items", "{18AF2E9E-B617-44BD-8A61-7BF687C8CAD1}"
	ProjectSection(SolutionItems) = preProject
		Performance1.psess = Performance1.psess
		vs.testsettings = vs.testsettings
	EndProjectSection
EndProject
Project("{FAE04EC0-301F-11D3-BF4B-00C04F79EFBC}") = "dnGREP.OpenXmlEngine", "dnGREP.OpenXmlEngine\dnGREP.OpenXmlEngine.csproj", "{8312CAE2-B208-4186-B711-815593FEBB94}"
EndProject
Project("{FAE04EC0-301F-11D3-BF4B-00C04F79EFBC}") = "dnGREP.Everything", "dnGREP.Everything\dnGREP.Everything.csproj", "{39C7BCE4-7837-401E-8AFA-2BCFE70C63F7}"
EndProject
Project("{FAE04EC0-301F-11D3-BF4B-00C04F79EFBC}") = "DockFloat", "DockFloat\DockFloat.csproj", "{86C22DB6-4211-44A1-93BA-B21027CC90F9}"
EndProject
Global
	GlobalSection(SolutionConfigurationPlatforms) = preSolution
		Debug|x64 = Debug|x64
		Debug|x86 = Debug|x86
		Release|x64 = Release|x64
		Release|x86 = Release|x86
	EndGlobalSection
	GlobalSection(ProjectConfigurationPlatforms) = postSolution
		{CBC7AEC0-59FF-4050-B02D-ADB15359CED4}.Debug|x64.ActiveCfg = Debug|x64
		{CBC7AEC0-59FF-4050-B02D-ADB15359CED4}.Debug|x64.Build.0 = Debug|x64
		{CBC7AEC0-59FF-4050-B02D-ADB15359CED4}.Debug|x86.ActiveCfg = Debug|x86
		{CBC7AEC0-59FF-4050-B02D-ADB15359CED4}.Debug|x86.Build.0 = Debug|x86
		{CBC7AEC0-59FF-4050-B02D-ADB15359CED4}.Release|x64.ActiveCfg = Release|x64
		{CBC7AEC0-59FF-4050-B02D-ADB15359CED4}.Release|x64.Build.0 = Release|x64
		{CBC7AEC0-59FF-4050-B02D-ADB15359CED4}.Release|x86.ActiveCfg = Release|x86
		{CBC7AEC0-59FF-4050-B02D-ADB15359CED4}.Release|x86.Build.0 = Release|x86
		{DB68B5D3-5E4B-47D0-AA86-83D7C181A1E4}.Debug|x64.ActiveCfg = Debug|x64
		{DB68B5D3-5E4B-47D0-AA86-83D7C181A1E4}.Debug|x64.Build.0 = Debug|x64
		{DB68B5D3-5E4B-47D0-AA86-83D7C181A1E4}.Debug|x86.ActiveCfg = Debug|x86
		{DB68B5D3-5E4B-47D0-AA86-83D7C181A1E4}.Debug|x86.Build.0 = Debug|x86
		{DB68B5D3-5E4B-47D0-AA86-83D7C181A1E4}.Release|x64.ActiveCfg = Release|x64
		{DB68B5D3-5E4B-47D0-AA86-83D7C181A1E4}.Release|x64.Build.0 = Release|x64
		{DB68B5D3-5E4B-47D0-AA86-83D7C181A1E4}.Release|x86.ActiveCfg = Release|x86
		{DB68B5D3-5E4B-47D0-AA86-83D7C181A1E4}.Release|x86.Build.0 = Release|x86
		{77AB22A5-8227-494A-8DD2-1EF5E786263D}.Debug|x64.ActiveCfg = Debug|x64
		{77AB22A5-8227-494A-8DD2-1EF5E786263D}.Debug|x64.Build.0 = Debug|x64
		{77AB22A5-8227-494A-8DD2-1EF5E786263D}.Debug|x86.ActiveCfg = Debug|x86
		{77AB22A5-8227-494A-8DD2-1EF5E786263D}.Debug|x86.Build.0 = Debug|x86
		{77AB22A5-8227-494A-8DD2-1EF5E786263D}.Release|x64.ActiveCfg = Release|x64
		{77AB22A5-8227-494A-8DD2-1EF5E786263D}.Release|x64.Build.0 = Release|x64
		{77AB22A5-8227-494A-8DD2-1EF5E786263D}.Release|x86.ActiveCfg = Release|x86
		{77AB22A5-8227-494A-8DD2-1EF5E786263D}.Release|x86.Build.0 = Release|x86
		{32DF5B77-EE00-4A94-BF4C-19BCBB1940A4}.Debug|x64.ActiveCfg = Debug|x64
		{32DF5B77-EE00-4A94-BF4C-19BCBB1940A4}.Debug|x64.Build.0 = Debug|x64
		{32DF5B77-EE00-4A94-BF4C-19BCBB1940A4}.Debug|x86.ActiveCfg = Debug|x86
		{32DF5B77-EE00-4A94-BF4C-19BCBB1940A4}.Debug|x86.Build.0 = Debug|x86
		{32DF5B77-EE00-4A94-BF4C-19BCBB1940A4}.Release|x64.ActiveCfg = Release|x64
		{32DF5B77-EE00-4A94-BF4C-19BCBB1940A4}.Release|x64.Build.0 = Release|x64
		{32DF5B77-EE00-4A94-BF4C-19BCBB1940A4}.Release|x86.ActiveCfg = Release|x86
		{32DF5B77-EE00-4A94-BF4C-19BCBB1940A4}.Release|x86.Build.0 = Release|x86
		{7317511F-A32C-44AE-9C87-1E4806E891FB}.Debug|x64.ActiveCfg = Debug|x64
		{7317511F-A32C-44AE-9C87-1E4806E891FB}.Debug|x64.Build.0 = Debug|x64
		{7317511F-A32C-44AE-9C87-1E4806E891FB}.Debug|x86.ActiveCfg = Debug|x86
		{7317511F-A32C-44AE-9C87-1E4806E891FB}.Debug|x86.Build.0 = Debug|x86
		{7317511F-A32C-44AE-9C87-1E4806E891FB}.Release|x64.ActiveCfg = Release|x64
		{7317511F-A32C-44AE-9C87-1E4806E891FB}.Release|x64.Build.0 = Release|x64
		{7317511F-A32C-44AE-9C87-1E4806E891FB}.Release|x86.ActiveCfg = Release|x86
		{7317511F-A32C-44AE-9C87-1E4806E891FB}.Release|x86.Build.0 = Release|x86
		{6B5159A5-C92C-4203-84DE-273FEB30D07B}.Debug|x64.ActiveCfg = Debug|x64
		{6B5159A5-C92C-4203-84DE-273FEB30D07B}.Debug|x64.Build.0 = Debug|x64
		{6B5159A5-C92C-4203-84DE-273FEB30D07B}.Debug|x86.ActiveCfg = Debug|x86
		{6B5159A5-C92C-4203-84DE-273FEB30D07B}.Debug|x86.Build.0 = Debug|x86
		{6B5159A5-C92C-4203-84DE-273FEB30D07B}.Release|x64.ActiveCfg = Release|x64
		{6B5159A5-C92C-4203-84DE-273FEB30D07B}.Release|x64.Build.0 = Release|x64
		{6B5159A5-C92C-4203-84DE-273FEB30D07B}.Release|x86.ActiveCfg = Release|x86
		{6B5159A5-C92C-4203-84DE-273FEB30D07B}.Release|x86.Build.0 = Release|x86
		{FA9512EF-562C-4DC1-9CF2-7A8FF896D352}.Debug|x64.ActiveCfg = Debug|x64
		{FA9512EF-562C-4DC1-9CF2-7A8FF896D352}.Debug|x64.Build.0 = Debug|x64
		{FA9512EF-562C-4DC1-9CF2-7A8FF896D352}.Debug|x86.ActiveCfg = Debug|x86
		{FA9512EF-562C-4DC1-9CF2-7A8FF896D352}.Debug|x86.Build.0 = Debug|x86
		{FA9512EF-562C-4DC1-9CF2-7A8FF896D352}.Release|x64.ActiveCfg = Release|x64
		{FA9512EF-562C-4DC1-9CF2-7A8FF896D352}.Release|x64.Build.0 = Release|x64
		{FA9512EF-562C-4DC1-9CF2-7A8FF896D352}.Release|x86.ActiveCfg = Release|x86
		{FA9512EF-562C-4DC1-9CF2-7A8FF896D352}.Release|x86.Build.0 = Release|x86
		{DA182974-5FD2-4DFB-938D-DCDC2D232547}.Debug|x64.ActiveCfg = Debug|x64
		{DA182974-5FD2-4DFB-938D-DCDC2D232547}.Debug|x64.Build.0 = Debug|x64
		{DA182974-5FD2-4DFB-938D-DCDC2D232547}.Debug|x86.ActiveCfg = Debug|x86
		{DA182974-5FD2-4DFB-938D-DCDC2D232547}.Debug|x86.Build.0 = Debug|x86
		{DA182974-5FD2-4DFB-938D-DCDC2D232547}.Release|x64.ActiveCfg = Release|x64
		{DA182974-5FD2-4DFB-938D-DCDC2D232547}.Release|x64.Build.0 = Release|x64
		{DA182974-5FD2-4DFB-938D-DCDC2D232547}.Release|x86.ActiveCfg = Release|x86
		{DA182974-5FD2-4DFB-938D-DCDC2D232547}.Release|x86.Build.0 = Release|x86
		{1B364890-BBE6-4167-AF65-FE1C01E8C419}.Debug|x64.ActiveCfg = Debug|x64
		{1B364890-BBE6-4167-AF65-FE1C01E8C419}.Debug|x64.Build.0 = Debug|x64
		{1B364890-BBE6-4167-AF65-FE1C01E8C419}.Debug|x86.ActiveCfg = Debug|x86
		{1B364890-BBE6-4167-AF65-FE1C01E8C419}.Debug|x86.Build.0 = Debug|x86
		{1B364890-BBE6-4167-AF65-FE1C01E8C419}.Release|x64.ActiveCfg = Release|x64
		{1B364890-BBE6-4167-AF65-FE1C01E8C419}.Release|x64.Build.0 = Release|x64
		{1B364890-BBE6-4167-AF65-FE1C01E8C419}.Release|x86.ActiveCfg = Release|x86
		{1B364890-BBE6-4167-AF65-FE1C01E8C419}.Release|x86.Build.0 = Release|x86
		{9A5EE640-E3EE-4985-BD96-64B63A1B0062}.Debug|x64.ActiveCfg = Debug|x64
		{9A5EE640-E3EE-4985-BD96-64B63A1B0062}.Debug|x86.ActiveCfg = Debug|x86
		{9A5EE640-E3EE-4985-BD96-64B63A1B0062}.Release|x64.ActiveCfg = Release|x64
		{9A5EE640-E3EE-4985-BD96-64B63A1B0062}.Release|x64.Build.0 = Release|x64
		{9A5EE640-E3EE-4985-BD96-64B63A1B0062}.Release|x86.ActiveCfg = Release|x86
		{9A5EE640-E3EE-4985-BD96-64B63A1B0062}.Release|x86.Build.0 = Release|x86
		{8312CAE2-B208-4186-B711-815593FEBB94}.Debug|x64.ActiveCfg = Debug|x64
		{8312CAE2-B208-4186-B711-815593FEBB94}.Debug|x64.Build.0 = Debug|x64
		{8312CAE2-B208-4186-B711-815593FEBB94}.Debug|x86.ActiveCfg = Debug|x86
		{8312CAE2-B208-4186-B711-815593FEBB94}.Debug|x86.Build.0 = Debug|x86
		{8312CAE2-B208-4186-B711-815593FEBB94}.Release|x64.ActiveCfg = Release|x64
		{8312CAE2-B208-4186-B711-815593FEBB94}.Release|x64.Build.0 = Release|x64
		{8312CAE2-B208-4186-B711-815593FEBB94}.Release|x86.ActiveCfg = Release|x86
		{8312CAE2-B208-4186-B711-815593FEBB94}.Release|x86.Build.0 = Release|x86
		{39C7BCE4-7837-401E-8AFA-2BCFE70C63F7}.Debug|x64.ActiveCfg = Debug|x64
		{39C7BCE4-7837-401E-8AFA-2BCFE70C63F7}.Debug|x64.Build.0 = Debug|x64
		{39C7BCE4-7837-401E-8AFA-2BCFE70C63F7}.Debug|x86.ActiveCfg = Debug|x86
		{39C7BCE4-7837-401E-8AFA-2BCFE70C63F7}.Debug|x86.Build.0 = Debug|x86
		{39C7BCE4-7837-401E-8AFA-2BCFE70C63F7}.Release|x64.ActiveCfg = Release|x64
		{39C7BCE4-7837-401E-8AFA-2BCFE70C63F7}.Release|x64.Build.0 = Release|x64
		{39C7BCE4-7837-401E-8AFA-2BCFE70C63F7}.Release|x86.ActiveCfg = Release|x86
		{39C7BCE4-7837-401E-8AFA-2BCFE70C63F7}.Release|x86.Build.0 = Release|x86
		{86C22DB6-4211-44A1-93BA-B21027CC90F9}.Debug|x64.ActiveCfg = Debug|x64
		{86C22DB6-4211-44A1-93BA-B21027CC90F9}.Debug|x64.Build.0 = Debug|x64
		{86C22DB6-4211-44A1-93BA-B21027CC90F9}.Debug|x86.ActiveCfg = Debug|x86
		{86C22DB6-4211-44A1-93BA-B21027CC90F9}.Debug|x86.Build.0 = Debug|x86
		{86C22DB6-4211-44A1-93BA-B21027CC90F9}.Release|x64.ActiveCfg = Release|x64
		{86C22DB6-4211-44A1-93BA-B21027CC90F9}.Release|x64.Build.0 = Release|x64
		{86C22DB6-4211-44A1-93BA-B21027CC90F9}.Release|x86.ActiveCfg = Release|x86
		{86C22DB6-4211-44A1-93BA-B21027CC90F9}.Release|x86.Build.0 = Release|x86
	EndGlobalSection
	GlobalSection(SolutionProperties) = preSolution
		HideSolutionNode = FALSE
	EndGlobalSection
	GlobalSection(NestedProjects) = preSolution
		{7317511F-A32C-44AE-9C87-1E4806E891FB} = {177DCA75-DAA1-4097-A3AB-EF944566600D}
		{6B5159A5-C92C-4203-84DE-273FEB30D07B} = {177DCA75-DAA1-4097-A3AB-EF944566600D}
		{FA9512EF-562C-4DC1-9CF2-7A8FF896D352} = {177DCA75-DAA1-4097-A3AB-EF944566600D}
		{8312CAE2-B208-4186-B711-815593FEBB94} = {177DCA75-DAA1-4097-A3AB-EF944566600D}
	EndGlobalSection
	GlobalSection(ExtensibilityGlobals) = postSolution
		SolutionGuid = {835B141D-24DE-4FDA-805E-B7871861B348}
	EndGlobalSection
	GlobalSection(SharpSetup) = preSolution
		Version = 1.2
	EndGlobalSection
EndGlobal
