
Microsoft Visual Studio Solution File, Format Version 12.00
# Visual Studio Version 17
VisualStudioVersion = 17.0.31912.275
MinimumVisualStudioVersion = 10.0.40219.1
Project("{9A19103F-16F7-4668-BE54-9A1E7A4F7556}") = "dnGREP.WPF", "dnGREP.WPF\dnGREP.WPF.csproj", "{CBC7AEC0-59FF-4050-B02D-ADB15359CED4}"
	ProjectSection(ProjectDependencies) = postProject
		{6B5159A5-C92C-4203-84DE-273FEB30D07B} = {6B5159A5-C92C-4203-84DE-273FEB30D07B}
		{8312CAE2-B208-4186-B711-815593FEBB94} = {8312CAE2-B208-4186-B711-815593FEBB94}
		{FA9512EF-562C-4DC1-9CF2-7A8FF896D352} = {FA9512EF-562C-4DC1-9CF2-7A8FF896D352}
	EndProjectSection
EndProject
Project("{9A19103F-16F7-4668-BE54-9A1E7A4F7556}") = "dnGREP.Engines", "dnGREP.Engines\dnGREP.Engines.csproj", "{DB68B5D3-5E4B-47D0-AA86-83D7C181A1E4}"
EndProject
Project("{9A19103F-16F7-4668-BE54-9A1E7A4F7556}") = "dnGREP.Common", "dnGREP.Common\dnGREP.Common.csproj", "{32DF5B77-EE00-4A94-BF4C-19BCBB1940A4}"
EndProject
Project("{9A19103F-16F7-4668-BE54-9A1E7A4F7556}") = "dnGREP.PdfEngine", "dnGREP.PdfEngine\dnGREP.PdfEngine.csproj", "{6B5159A5-C92C-4203-84DE-273FEB30D07B}"
EndProject
Project("{9A19103F-16F7-4668-BE54-9A1E7A4F7556}") = "dnGREP.WordEngine", "dnGREP.WordEngine\dnGREP.WordEngine.csproj", "{FA9512EF-562C-4DC1-9CF2-7A8FF896D352}"
EndProject
Project("{9A19103F-16F7-4668-BE54-9A1E7A4F7556}") = "dnGREP.Common.UI", "dnGREP.Common.UI\dnGREP.Common.UI.csproj", "{DA182974-5FD2-4DFB-938D-DCDC2D232547}"
EndProject
Project("{2150E333-8FDC-42A3-9474-1A3956D46DE8}") = "Plugins", "Plugins", "{177DCA75-DAA1-4097-A3AB-EF944566600D}"
EndProject
Project("{2150E333-8FDC-42A3-9474-1A3956D46DE8}") = "Solution Items", "Solution Items", "{18AF2E9E-B617-44BD-8A61-7BF687C8CAD1}"
	ProjectSection(SolutionItems) = preProject
		Performance1.psess = Performance1.psess
		vs.testsettings = vs.testsettings
	EndProjectSection
EndProject
Project("{9A19103F-16F7-4668-BE54-9A1E7A4F7556}") = "dnGREP.OpenXmlEngine", "dnGREP.OpenXmlEngine\dnGREP.OpenXmlEngine.csproj", "{8312CAE2-B208-4186-B711-815593FEBB94}"
EndProject
Project("{9A19103F-16F7-4668-BE54-9A1E7A4F7556}") = "dnGREP.Everything", "dnGREP.Everything\dnGREP.Everything.csproj", "{39C7BCE4-7837-401E-8AFA-2BCFE70C63F7}"
EndProject
Project("{9A19103F-16F7-4668-BE54-9A1E7A4F7556}") = "dnGREP.DockFloat", "dnGREP.DockFloat\dnGREP.DockFloat.csproj", "{86C22DB6-4211-44A1-93BA-B21027CC90F9}"
EndProject
Project("{9A19103F-16F7-4668-BE54-9A1E7A4F7556}") = "dnGREP.Localization", "dnGREP.Localization\dnGREP.Localization.csproj", "{8CE89F78-57C4-48DF-9473-E70AB05DC986}"
EndProject
Project("{9A19103F-16F7-4668-BE54-9A1E7A4F7556}") = "TestLocalizedStrings", "TestLocalizedStrings\TestLocalizedStrings.csproj", "{F1DB1D81-FD46-4897-AFB0-90B4BA5BC463}"
EndProject
Project("{9A19103F-16F7-4668-BE54-9A1E7A4F7556}") = "ICSharpCode.AvalonEdit", "ICSharpCode.AvalonEdit\ICSharpCode.AvalonEdit.csproj", "{A18EEAE0-260F-4FC1-BDF2-6BF0BA335CB7}"
EndProject
Project("{9A19103F-16F7-4668-BE54-9A1E7A4F7556}") = "SevenZip", "SevenZip\SevenZip.csproj", "{CE51EB4C-0C64-4162-B95E-527AE438CFD8}"
EndProject
Project("{930C7802-8A8C-48F9-8165-68863BCCD9DD}") = "dnGREP.Setup", "dnGREP.Setup\dnGREP.Setup.wixproj", "{9A5EE640-E3EE-4985-BD96-64B63A1B0062}"
EndProject
Project("{9A19103F-16F7-4668-BE54-9A1E7A4F7556}") = "Tests", "Tests\Tests.csproj", "{496D84C8-4CB6-44C6-B9CF-0F65AC908DC9}"
EndProject
Project("{9A19103F-16F7-4668-BE54-9A1E7A4F7556}") = "dnGREP.Setup.FileCheck", "dnGREP.Setup.FileCheck\dnGREP.Setup.FileCheck.csproj", "{4F8AB378-E704-440B-A0C7-3B54D9E63BCA}"
EndProject
Global
	GlobalSection(SolutionConfigurationPlatforms) = preSolution
		Debug|x64 = Debug|x64
		Debug|x86 = Debug|x86
		Release|x64 = Release|x64
		Release|x86 = Release|x86
	EndGlobalSection
	GlobalSection(ProjectConfigurationPlatforms) = postSolution
		{CBC7AEC0-59FF-4050-B02D-ADB15359CED4}.Debug|x64.ActiveCfg = Debug|x64
		{CBC7AEC0-59FF-4050-B02D-ADB15359CED4}.Debug|x64.Build.0 = Debug|x64
		{CBC7AEC0-59FF-4050-B02D-ADB15359CED4}.Debug|x86.ActiveCfg = Debug|x86
		{CBC7AEC0-59FF-4050-B02D-ADB15359CED4}.Debug|x86.Build.0 = Debug|x86
		{CBC7AEC0-59FF-4050-B02D-ADB15359CED4}.Release|x64.ActiveCfg = Release|x64
		{CBC7AEC0-59FF-4050-B02D-ADB15359CED4}.Release|x64.Build.0 = Release|x64
		{CBC7AEC0-59FF-4050-B02D-ADB15359CED4}.Release|x86.ActiveCfg = Release|x86
		{CBC7AEC0-59FF-4050-B02D-ADB15359CED4}.Release|x86.Build.0 = Release|x86
		{DB68B5D3-5E4B-47D0-AA86-83D7C181A1E4}.Debug|x64.ActiveCfg = Debug|x64
		{DB68B5D3-5E4B-47D0-AA86-83D7C181A1E4}.Debug|x64.Build.0 = Debug|x64
		{DB68B5D3-5E4B-47D0-AA86-83D7C181A1E4}.Debug|x86.ActiveCfg = Debug|x86
		{DB68B5D3-5E4B-47D0-AA86-83D7C181A1E4}.Debug|x86.Build.0 = Debug|x86
		{DB68B5D3-5E4B-47D0-AA86-83D7C181A1E4}.Release|x64.ActiveCfg = Release|x64
		{DB68B5D3-5E4B-47D0-AA86-83D7C181A1E4}.Release|x64.Build.0 = Release|x64
		{DB68B5D3-5E4B-47D0-AA86-83D7C181A1E4}.Release|x86.ActiveCfg = Release|x86
		{DB68B5D3-5E4B-47D0-AA86-83D7C181A1E4}.Release|x86.Build.0 = Release|x86
		{32DF5B77-EE00-4A94-BF4C-19BCBB1940A4}.Debug|x64.ActiveCfg = Debug|x64
		{32DF5B77-EE00-4A94-BF4C-19BCBB1940A4}.Debug|x64.Build.0 = Debug|x64
		{32DF5B77-EE00-4A94-BF4C-19BCBB1940A4}.Debug|x86.ActiveCfg = Debug|x86
		{32DF5B77-EE00-4A94-BF4C-19BCBB1940A4}.Debug|x86.Build.0 = Debug|x86
		{32DF5B77-EE00-4A94-BF4C-19BCBB1940A4}.Release|x64.ActiveCfg = Release|x64
		{32DF5B77-EE00-4A94-BF4C-19BCBB1940A4}.Release|x64.Build.0 = Release|x64
		{32DF5B77-EE00-4A94-BF4C-19BCBB1940A4}.Release|x86.ActiveCfg = Release|x86
		{32DF5B77-EE00-4A94-BF4C-19BCBB1940A4}.Release|x86.Build.0 = Release|x86
		{6B5159A5-C92C-4203-84DE-273FEB30D07B}.Debug|x64.ActiveCfg = Debug|x64
		{6B5159A5-C92C-4203-84DE-273FEB30D07B}.Debug|x64.Build.0 = Debug|x64
		{6B5159A5-C92C-4203-84DE-273FEB30D07B}.Debug|x86.ActiveCfg = Debug|x86
		{6B5159A5-C92C-4203-84DE-273FEB30D07B}.Debug|x86.Build.0 = Debug|x86
		{6B5159A5-C92C-4203-84DE-273FEB30D07B}.Release|x64.ActiveCfg = Release|x64
		{6B5159A5-C92C-4203-84DE-273FEB30D07B}.Release|x64.Build.0 = Release|x64
		{6B5159A5-C92C-4203-84DE-273FEB30D07B}.Release|x86.ActiveCfg = Release|x86
		{6B5159A5-C92C-4203-84DE-273FEB30D07B}.Release|x86.Build.0 = Release|x86
		{FA9512EF-562C-4DC1-9CF2-7A8FF896D352}.Debug|x64.ActiveCfg = Debug|x64
		{FA9512EF-562C-4DC1-9CF2-7A8FF896D352}.Debug|x64.Build.0 = Debug|x64
		{FA9512EF-562C-4DC1-9CF2-7A8FF896D352}.Debug|x86.ActiveCfg = Debug|x86
		{FA9512EF-562C-4DC1-9CF2-7A8FF896D352}.Debug|x86.Build.0 = Debug|x86
		{FA9512EF-562C-4DC1-9CF2-7A8FF896D352}.Release|x64.ActiveCfg = Release|x64
		{FA9512EF-562C-4DC1-9CF2-7A8FF896D352}.Release|x64.Build.0 = Release|x64
		{FA9512EF-562C-4DC1-9CF2-7A8FF896D352}.Release|x86.ActiveCfg = Release|x86
		{FA9512EF-562C-4DC1-9CF2-7A8FF896D352}.Release|x86.Build.0 = Release|x86
		{DA182974-5FD2-4DFB-938D-DCDC2D232547}.Debug|x64.ActiveCfg = Debug|x64
		{DA182974-5FD2-4DFB-938D-DCDC2D232547}.Debug|x64.Build.0 = Debug|x64
		{DA182974-5FD2-4DFB-938D-DCDC2D232547}.Debug|x86.ActiveCfg = Debug|x86
		{DA182974-5FD2-4DFB-938D-DCDC2D232547}.Debug|x86.Build.0 = Debug|x86
		{DA182974-5FD2-4DFB-938D-DCDC2D232547}.Release|x64.ActiveCfg = Release|x64
		{DA182974-5FD2-4DFB-938D-DCDC2D232547}.Release|x64.Build.0 = Release|x64
		{DA182974-5FD2-4DFB-938D-DCDC2D232547}.Release|x86.ActiveCfg = Release|x86
		{DA182974-5FD2-4DFB-938D-DCDC2D232547}.Release|x86.Build.0 = Release|x86
		{8312CAE2-B208-4186-B711-815593FEBB94}.Debug|x64.ActiveCfg = Debug|x64
		{8312CAE2-B208-4186-B711-815593FEBB94}.Debug|x64.Build.0 = Debug|x64
		{8312CAE2-B208-4186-B711-815593FEBB94}.Debug|x86.ActiveCfg = Debug|x86
		{8312CAE2-B208-4186-B711-815593FEBB94}.Debug|x86.Build.0 = Debug|x86
		{8312CAE2-B208-4186-B711-815593FEBB94}.Release|x64.ActiveCfg = Release|x64
		{8312CAE2-B208-4186-B711-815593FEBB94}.Release|x64.Build.0 = Release|x64
		{8312CAE2-B208-4186-B711-815593FEBB94}.Release|x86.ActiveCfg = Release|x86
		{8312CAE2-B208-4186-B711-815593FEBB94}.Release|x86.Build.0 = Release|x86
		{39C7BCE4-7837-401E-8AFA-2BCFE70C63F7}.Debug|x64.ActiveCfg = Debug|x64
		{39C7BCE4-7837-401E-8AFA-2BCFE70C63F7}.Debug|x64.Build.0 = Debug|x64
		{39C7BCE4-7837-401E-8AFA-2BCFE70C63F7}.Debug|x86.ActiveCfg = Debug|x86
		{39C7BCE4-7837-401E-8AFA-2BCFE70C63F7}.Debug|x86.Build.0 = Debug|x86
		{39C7BCE4-7837-401E-8AFA-2BCFE70C63F7}.Release|x64.ActiveCfg = Release|x64
		{39C7BCE4-7837-401E-8AFA-2BCFE70C63F7}.Release|x64.Build.0 = Release|x64
		{39C7BCE4-7837-401E-8AFA-2BCFE70C63F7}.Release|x86.ActiveCfg = Release|x86
		{39C7BCE4-7837-401E-8AFA-2BCFE70C63F7}.Release|x86.Build.0 = Release|x86
		{86C22DB6-4211-44A1-93BA-B21027CC90F9}.Debug|x64.ActiveCfg = Debug|x64
		{86C22DB6-4211-44A1-93BA-B21027CC90F9}.Debug|x64.Build.0 = Debug|x64
		{86C22DB6-4211-44A1-93BA-B21027CC90F9}.Debug|x86.ActiveCfg = Debug|x86
		{86C22DB6-4211-44A1-93BA-B21027CC90F9}.Debug|x86.Build.0 = Debug|x86
		{86C22DB6-4211-44A1-93BA-B21027CC90F9}.Release|x64.ActiveCfg = Release|x64
		{86C22DB6-4211-44A1-93BA-B21027CC90F9}.Release|x64.Build.0 = Release|x64
		{86C22DB6-4211-44A1-93BA-B21027CC90F9}.Release|x86.ActiveCfg = Release|x86
		{86C22DB6-4211-44A1-93BA-B21027CC90F9}.Release|x86.Build.0 = Release|x86
		{8CE89F78-57C4-48DF-9473-E70AB05DC986}.Debug|x64.ActiveCfg = Debug|Any CPU
		{8CE89F78-57C4-48DF-9473-E70AB05DC986}.Debug|x64.Build.0 = Debug|Any CPU
		{8CE89F78-57C4-48DF-9473-E70AB05DC986}.Debug|x86.ActiveCfg = Debug|Any CPU
		{8CE89F78-57C4-48DF-9473-E70AB05DC986}.Debug|x86.Build.0 = Debug|Any CPU
		{8CE89F78-57C4-48DF-9473-E70AB05DC986}.Release|x64.ActiveCfg = Release|Any CPU
		{8CE89F78-57C4-48DF-9473-E70AB05DC986}.Release|x64.Build.0 = Release|Any CPU
		{8CE89F78-57C4-48DF-9473-E70AB05DC986}.Release|x86.ActiveCfg = Release|Any CPU
		{8CE89F78-57C4-48DF-9473-E70AB05DC986}.Release|x86.Build.0 = Release|Any CPU
		{F1DB1D81-FD46-4897-AFB0-90B4BA5BC463}.Debug|x64.ActiveCfg = Debug|Any CPU
		{F1DB1D81-FD46-4897-AFB0-90B4BA5BC463}.Debug|x64.Build.0 = Debug|Any CPU
		{F1DB1D81-FD46-4897-AFB0-90B4BA5BC463}.Debug|x86.ActiveCfg = Debug|Any CPU
		{F1DB1D81-FD46-4897-AFB0-90B4BA5BC463}.Debug|x86.Build.0 = Debug|Any CPU
		{F1DB1D81-FD46-4897-AFB0-90B4BA5BC463}.Release|x64.ActiveCfg = Release|Any CPU
		{F1DB1D81-FD46-4897-AFB0-90B4BA5BC463}.Release|x64.Build.0 = Release|Any CPU
		{F1DB1D81-FD46-4897-AFB0-90B4BA5BC463}.Release|x86.ActiveCfg = Release|Any CPU
		{F1DB1D81-FD46-4897-AFB0-90B4BA5BC463}.Release|x86.Build.0 = Release|Any CPU
		{A18EEAE0-260F-4FC1-BDF2-6BF0BA335CB7}.Debug|x64.ActiveCfg = Debug|Any CPU
		{A18EEAE0-260F-4FC1-BDF2-6BF0BA335CB7}.Debug|x64.Build.0 = Debug|Any CPU
		{A18EEAE0-260F-4FC1-BDF2-6BF0BA335CB7}.Debug|x86.ActiveCfg = Debug|Any CPU
		{A18EEAE0-260F-4FC1-BDF2-6BF0BA335CB7}.Debug|x86.Build.0 = Debug|Any CPU
		{A18EEAE0-260F-4FC1-BDF2-6BF0BA335CB7}.Release|x64.ActiveCfg = Release|Any CPU
		{A18EEAE0-260F-4FC1-BDF2-6BF0BA335CB7}.Release|x64.Build.0 = Release|Any CPU
		{A18EEAE0-260F-4FC1-BDF2-6BF0BA335CB7}.Release|x86.ActiveCfg = Release|Any CPU
		{A18EEAE0-260F-4FC1-BDF2-6BF0BA335CB7}.Release|x86.Build.0 = Release|Any CPU
		{CE51EB4C-0C64-4162-B95E-527AE438CFD8}.Debug|x64.ActiveCfg = Debug|x64
		{CE51EB4C-0C64-4162-B95E-527AE438CFD8}.Debug|x64.Build.0 = Debug|x64
		{CE51EB4C-0C64-4162-B95E-527AE438CFD8}.Debug|x86.ActiveCfg = Debug|x86
		{CE51EB4C-0C64-4162-B95E-527AE438CFD8}.Debug|x86.Build.0 = Debug|x86
		{CE51EB4C-0C64-4162-B95E-527AE438CFD8}.Release|x64.ActiveCfg = Release|x64
		{CE51EB4C-0C64-4162-B95E-527AE438CFD8}.Release|x64.Build.0 = Release|x64
		{CE51EB4C-0C64-4162-B95E-527AE438CFD8}.Release|x86.ActiveCfg = Release|x86
		{CE51EB4C-0C64-4162-B95E-527AE438CFD8}.Release|x86.Build.0 = Release|x86
		{9A5EE640-E3EE-4985-BD96-64B63A1B0062}.Debug|x64.ActiveCfg = Debug|x64
		{9A5EE640-E3EE-4985-BD96-64B63A1B0062}.Debug|x86.ActiveCfg = Debug|x86
		{9A5EE640-E3EE-4985-BD96-64B63A1B0062}.Release|x64.ActiveCfg = Release|x64
		{9A5EE640-E3EE-4985-BD96-64B63A1B0062}.Release|x64.Build.0 = Release|x64
		{9A5EE640-E3EE-4985-BD96-64B63A1B0062}.Release|x86.ActiveCfg = Release|x86
		{9A5EE640-E3EE-4985-BD96-64B63A1B0062}.Release|x86.Build.0 = Release|x86
		{496D84C8-4CB6-44C6-B9CF-0F65AC908DC9}.Debug|x64.ActiveCfg = Debug|x64
		{496D84C8-4CB6-44C6-B9CF-0F65AC908DC9}.Debug|x64.Build.0 = Debug|x64
		{496D84C8-4CB6-44C6-B9CF-0F65AC908DC9}.Debug|x86.ActiveCfg = Debug|x86
		{496D84C8-4CB6-44C6-B9CF-0F65AC908DC9}.Debug|x86.Build.0 = Debug|x86
		{496D84C8-4CB6-44C6-B9CF-0F65AC908DC9}.Release|x64.ActiveCfg = Release|x64
		{496D84C8-4CB6-44C6-B9CF-0F65AC908DC9}.Release|x64.Build.0 = Release|x64
		{496D84C8-4CB6-44C6-B9CF-0F65AC908DC9}.Release|x86.ActiveCfg = Release|x86
		{496D84C8-4CB6-44C6-B9CF-0F65AC908DC9}.Release|x86.Build.0 = Release|x86
		{4F8AB378-E704-440B-A0C7-3B54D9E63BCA}.Debug|x64.ActiveCfg = Debug|x64
		{4F8AB378-E704-440B-A0C7-3B54D9E63BCA}.Debug|x64.Build.0 = Debug|x64
		{4F8AB378-E704-440B-A0C7-3B54D9E63BCA}.Debug|x86.ActiveCfg = Debug|x86
		{4F8AB378-E704-440B-A0C7-3B54D9E63BCA}.Debug|x86.Build.0 = Debug|x86
		{4F8AB378-E704-440B-A0C7-3B54D9E63BCA}.Release|x64.ActiveCfg = Release|x64
		{4F8AB378-E704-440B-A0C7-3B54D9E63BCA}.Release|x64.Build.0 = Release|x64
		{4F8AB378-E704-440B-A0C7-3B54D9E63BCA}.Release|x86.ActiveCfg = Release|x86
		{4F8AB378-E704-440B-A0C7-3B54D9E63BCA}.Release|x86.Build.0 = Release|x86
	EndGlobalSection
	GlobalSection(SolutionProperties) = preSolution
		HideSolutionNode = FALSE
	EndGlobalSection
	GlobalSection(NestedProjects) = preSolution
		{6B5159A5-C92C-4203-84DE-273FEB30D07B} = {177DCA75-DAA1-4097-A3AB-EF944566600D}
		{FA9512EF-562C-4DC1-9CF2-7A8FF896D352} = {177DCA75-DAA1-4097-A3AB-EF944566600D}
		{8312CAE2-B208-4186-B711-815593FEBB94} = {177DCA75-DAA1-4097-A3AB-EF944566600D}
	EndGlobalSection
	GlobalSection(ExtensibilityGlobals) = postSolution
		RESX_ShowErrorsInErrorList = False
		RESX_Rules = {"EnabledRules":["StringFormat","WhiteSpaceLead","WhiteSpaceTail","PunctuationLead","PunctuationTail"]}
		RESX_SortFileContentOnSave = False
		SolutionGuid = {835B141D-24DE-4FDA-805E-B7871861B348}
		RESX_MoveToResources = {"Items":[{"Extensions":".cs,.vb","Patterns":"$Namespace.$File.$Key|$File.$Key|StringResourceKey.$Key|$Namespace.StringResourceKey.$Key|nameof($File.$Key), ResourceType = typeof($File)|ErrorMessageResourceType = typeof($File), ErrorMessageResourceName = nameof($File.$Key)"},{"Extensions":".cshtml,.vbhtml","Patterns":"@$Namespace.$File.$Key|@$File.$Key|@StringResourceKey.$Key|@$Namespace.StringResourceKey.$Key"},{"Extensions":".cpp,.c,.hxx,.h","Patterns":"$File::$Key"},{"Extensions":".aspx,.ascx","Patterns":"<%$ Resources:$File,$Key %>|<%= $File.$Key %>|<%= $Namespace.$File.$Key %>"},{"Extensions":".xaml","Patterns":"\"{l:Loc Key='$Key'}\"|\"{x:Static properties:$File.$Key}\""},{"Extensions":".ts","Patterns":"resources.$Key"},{"Extensions":".html","Patterns":"{{ resources.$Key }}"}]}
		RESX_ResXSortingComparison = InvariantCulture
	EndGlobalSection
	GlobalSection(SharpSetup) = preSolution
		Version = 1.2
	EndGlobalSection
EndGlobal
