
Microsoft Visual Studio Solution File, Format Version 9.00
# Visual Studio 2005
Project("{FAE04EC0-301F-11D3-BF4B-00C04F79EFBC}") = "nGREP", "nGREP.csproj", "{6E9E3A4B-2338-421D-AC57-9939A9A6E6AA}"
EndProject
Global
	GlobalSection(SolutionConfigurationPlatforms) = preSolution
		Debug|Any CPU = Debug|Any CPU
		Release|Any CPU = Release|Any CPU
	EndGlobalSection
	GlobalSection(ProjectConfigurationPlatforms) = postSolution
		{6E9E3A4B-2338-421D-AC57-9939A9A6E6AA}.Debug|Any CPU.ActiveCfg = Debug|Any CPU
		{6E9E3A4B-2338-421D-AC57-9939A9A6E6AA}.Debug|Any CPU.Build.0 = Debug|Any CPU
		{6E9E3A4B-2338-421D-AC57-9939A9A6E6AA}.Release|Any CPU.ActiveCfg = Release|Any CPU
		{6E9E3A4B-2338-421D-AC57-9939A9A6E6AA}.Release|Any CPU.Build.0 = Release|Any CPU
	EndGlobalSection
	GlobalSection(SolutionProperties) = preSolution
		HideSolutionNode = FALSE
	EndGlobalSection
EndGlobal
