
Microsoft Visual Studio Solution File, Format Version 9.00
# Visual Studio 2005
Project("{FAE04EC0-301F-11D3-BF4B-00C04F79EFBC}") = "dnGREP", "dnGREP.csproj", "{6E9E3A4B-2338-421D-AC57-9939A9A6E6AA}"
EndProject
Project("{FAE04EC0-301F-11D3-BF4B-00C04F79EFBC}") = "Tests", "Tests\Tests.csproj", "{77AB22A5-8227-494A-8DD2-1EF5E786263D}"
EndProject
Project("{54435603-DBB4-11D2-8724-00A0C9A8B90C}") = "Setup", "Setup\Setup.vdproj", "{D9995CCB-7746-4950-B13E-CDE2BB87CBC2}"
EndProject
Project("{FAE04EC0-301F-11D3-BF4B-00C04F79EFBC}") = "dnGREP.Engines", "dnGREP.Engines\dnGREP.Engines.csproj", "{DB68B5D3-5E4B-47D0-AA86-83D7C181A1E4}"
EndProject
Global
	GlobalSection(SolutionConfigurationPlatforms) = preSolution
		Debug|Any CPU = Debug|Any CPU
		Release|Any CPU = Release|Any CPU
	EndGlobalSection
	GlobalSection(ProjectConfigurationPlatforms) = postSolution
		{6E9E3A4B-2338-421D-AC57-9939A9A6E6AA}.Debug|Any CPU.ActiveCfg = Debug|Any CPU
		{6E9E3A4B-2338-421D-AC57-9939A9A6E6AA}.Debug|Any CPU.Build.0 = Debug|Any CPU
		{6E9E3A4B-2338-421D-AC57-9939A9A6E6AA}.Release|Any CPU.ActiveCfg = Release|Any CPU
		{6E9E3A4B-2338-421D-AC57-9939A9A6E6AA}.Release|Any CPU.Build.0 = Release|Any CPU
		{77AB22A5-8227-494A-8DD2-1EF5E786263D}.Debug|Any CPU.ActiveCfg = Debug|Any CPU
		{77AB22A5-8227-494A-8DD2-1EF5E786263D}.Debug|Any CPU.Build.0 = Debug|Any CPU
		{77AB22A5-8227-494A-8DD2-1EF5E786263D}.Release|Any CPU.ActiveCfg = Release|Any CPU
		{77AB22A5-8227-494A-8DD2-1EF5E786263D}.Release|Any CPU.Build.0 = Release|Any CPU
		{D9995CCB-7746-4950-B13E-CDE2BB87CBC2}.Debug|Any CPU.ActiveCfg = Debug
		{D9995CCB-7746-4950-B13E-CDE2BB87CBC2}.Release|Any CPU.ActiveCfg = Release
		{DB68B5D3-5E4B-47D0-AA86-83D7C181A1E4}.Debug|Any CPU.ActiveCfg = Debug|Any CPU
		{DB68B5D3-5E4B-47D0-AA86-83D7C181A1E4}.Debug|Any CPU.Build.0 = Debug|Any CPU
		{DB68B5D3-5E4B-47D0-AA86-83D7C181A1E4}.Release|Any CPU.ActiveCfg = Release|Any CPU
		{DB68B5D3-5E4B-47D0-AA86-83D7C181A1E4}.Release|Any CPU.Build.0 = Release|Any CPU
	EndGlobalSection
	GlobalSection(SolutionProperties) = preSolution
		HideSolutionNode = FALSE
	EndGlobalSection
EndGlobal
